
Microsoft Visual Studio Solution File, Format Version 12.00
# Visual Studio Version 16
VisualStudioVersion = 16.0.32106.194
MinimumVisualStudioVersion = 10.0.40219.1
Project("{FAE04EC0-301F-11D3-BF4B-00C04F79EFBC}") = "ogrenci_not_kayit_sistemi", "ogrenci_not_kayit_sistemi\ogrenci_not_kayit_sistemi.csproj", "{20C709D2-E82F-482F-B4FB-0D19508DBCFA}"
EndProject
Global
	GlobalSection(SolutionConfigurationPlatforms) = preSolution
		Debug|Any CPU = Debug|Any CPU
		Release|Any CPU = Release|Any CPU
	EndGlobalSection
	GlobalSection(ProjectConfigurationPlatforms) = postSolution
		{20C709D2-E82F-482F-B4FB-0D19508DBCFA}.Debug|Any CPU.ActiveCfg = Debug|Any CPU
		{20C709D2-E82F-482F-B4FB-0D19508DBCFA}.Debug|Any CPU.Build.0 = Debug|Any CPU
		{20C709D2-E82F-482F-B4FB-0D19508DBCFA}.Release|Any CPU.ActiveCfg = Release|Any CPU
		{20C709D2-E82F-482F-B4FB-0D19508DBCFA}.Release|Any CPU.Build.0 = Release|Any CPU
	EndGlobalSection
	GlobalSection(SolutionProperties) = preSolution
		HideSolutionNode = FALSE
	EndGlobalSection
	GlobalSection(ExtensibilityGlobals) = postSolution
		SolutionGuid = {2A23FD91-2013-4AF9-9D79-B5A35B470C20}
	EndGlobalSection
EndGlobal
