
Microsoft Visual Studio Solution File, Format Version 12.00
# Visual Studio Version 16
VisualStudioVersion = 16.0.32106.194
MinimumVisualStudioVersion = 10.0.40219.1
Project("{FAE04EC0-301F-11D3-BF4B-00C04F79EFBC}") = "passaparola", "passaparola\passaparola.csproj", "{F9880F23-73A4-4E26-AC51-1CC411A613AE}"
EndProject
Global
	GlobalSection(SolutionConfigurationPlatforms) = preSolution
		Debug|Any CPU = Debug|Any CPU
		Release|Any CPU = Release|Any CPU
	EndGlobalSection
	GlobalSection(ProjectConfigurationPlatforms) = postSolution
		{F9880F23-73A4-4E26-AC51-1CC411A613AE}.Debug|Any CPU.ActiveCfg = Debug|Any CPU
		{F9880F23-73A4-4E26-AC51-1CC411A613AE}.Debug|Any CPU.Build.0 = Debug|Any CPU
		{F9880F23-73A4-4E26-AC51-1CC411A613AE}.Release|Any CPU.ActiveCfg = Release|Any CPU
		{F9880F23-73A4-4E26-AC51-1CC411A613AE}.Release|Any CPU.Build.0 = Release|Any CPU
	EndGlobalSection
	GlobalSection(SolutionProperties) = preSolution
		HideSolutionNode = FALSE
	EndGlobalSection
	GlobalSection(ExtensibilityGlobals) = postSolution
		SolutionGuid = {818F47C1-4FBA-492D-82C4-ACAE5A8014B5}
	EndGlobalSection
EndGlobal
